
Microsoft Visual Studio Solution File, Format Version 12.00
# Visual Studio Version 16
VisualStudioVersion = 16.0.31624.102
MinimumVisualStudioVersion = 10.0.40219.1
Project("{9A19103F-16F7-4668-BE54-9A1E7A4F7556}") = "Athon", "Athon\Athon.csproj", "{A23BAC02-8204-45EA-86B6-9B34BB69B163}"
EndProject
Project("{2150E333-8FDC-42A3-9474-1A3956D46DE8}") = "1-Web", "1-Web", "{2A32C3FD-5BB3-4D0A-B672-5B4DB7F2E2E1}"
EndProject
Project("{2150E333-8FDC-42A3-9474-1A3956D46DE8}") = "2-Application", "2-Application", "{0DF1FA9A-0E93-4E87-9B65-E19E1CBAA139}"
EndProject
Project("{2150E333-8FDC-42A3-9474-1A3956D46DE8}") = "3-Domain", "3-Domain", "{7E91C54B-4F04-49D7-8302-B5722ACDCEC8}"
EndProject
Project("{2150E333-8FDC-42A3-9474-1A3956D46DE8}") = "4-Infra", "4-Infra", "{8AC44E0E-FE22-4A66-AC40-CA37A9CD6287}"
EndProject
Project("{FAE04EC0-301F-11D3-BF4B-00C04F79EFBC}") = "Athon.Application", "Athon.Application\Athon.Application.csproj", "{C23FFBDA-9C15-44B3-ADE0-72A9EA84A9F8}"
EndProject
Project("{FAE04EC0-301F-11D3-BF4B-00C04F79EFBC}") = "Athon.Domain", "Athon.Domain\Athon.Domain.csproj", "{0E05CBF3-0434-46FA-BFCF-B0B34ED8E06E}"
EndProject
Project("{2150E333-8FDC-42A3-9474-1A3956D46DE8}") = "4.1-Data", "4.1-Data", "{597048CB-4E01-4561-83D6-D3C8330A3BB5}"
EndProject
Project("{2150E333-8FDC-42A3-9474-1A3956D46DE8}") = "4.2-CrossCutting", "4.2-CrossCutting", "{8C7C3EB1-0122-429B-B14A-CEB5958C6907}"
EndProject
Project("{FAE04EC0-301F-11D3-BF4B-00C04F79EFBC}") = "Athon.Data", "Athon.Data\Athon.Data.csproj", "{91F0735A-C99B-4697-BF2F-D2600722F797}"
EndProject
Global
	GlobalSection(SolutionConfigurationPlatforms) = preSolution
		Debug|Any CPU = Debug|Any CPU
		Release|Any CPU = Release|Any CPU
	EndGlobalSection
	GlobalSection(ProjectConfigurationPlatforms) = postSolution
		{A23BAC02-8204-45EA-86B6-9B34BB69B163}.Debug|Any CPU.ActiveCfg = Debug|Any CPU
		{A23BAC02-8204-45EA-86B6-9B34BB69B163}.Debug|Any CPU.Build.0 = Debug|Any CPU
		{A23BAC02-8204-45EA-86B6-9B34BB69B163}.Release|Any CPU.ActiveCfg = Release|Any CPU
		{A23BAC02-8204-45EA-86B6-9B34BB69B163}.Release|Any CPU.Build.0 = Release|Any CPU
		{C23FFBDA-9C15-44B3-ADE0-72A9EA84A9F8}.Debug|Any CPU.ActiveCfg = Debug|Any CPU
		{C23FFBDA-9C15-44B3-ADE0-72A9EA84A9F8}.Debug|Any CPU.Build.0 = Debug|Any CPU
		{C23FFBDA-9C15-44B3-ADE0-72A9EA84A9F8}.Release|Any CPU.ActiveCfg = Release|Any CPU
		{C23FFBDA-9C15-44B3-ADE0-72A9EA84A9F8}.Release|Any CPU.Build.0 = Release|Any CPU
		{0E05CBF3-0434-46FA-BFCF-B0B34ED8E06E}.Debug|Any CPU.ActiveCfg = Debug|Any CPU
		{0E05CBF3-0434-46FA-BFCF-B0B34ED8E06E}.Debug|Any CPU.Build.0 = Debug|Any CPU
		{0E05CBF3-0434-46FA-BFCF-B0B34ED8E06E}.Release|Any CPU.ActiveCfg = Release|Any CPU
		{0E05CBF3-0434-46FA-BFCF-B0B34ED8E06E}.Release|Any CPU.Build.0 = Release|Any CPU
		{91F0735A-C99B-4697-BF2F-D2600722F797}.Debug|Any CPU.ActiveCfg = Debug|Any CPU
		{91F0735A-C99B-4697-BF2F-D2600722F797}.Debug|Any CPU.Build.0 = Debug|Any CPU
		{91F0735A-C99B-4697-BF2F-D2600722F797}.Release|Any CPU.ActiveCfg = Release|Any CPU
		{91F0735A-C99B-4697-BF2F-D2600722F797}.Release|Any CPU.Build.0 = Release|Any CPU
	EndGlobalSection
	GlobalSection(SolutionProperties) = preSolution
		HideSolutionNode = FALSE
	EndGlobalSection
	GlobalSection(NestedProjects) = preSolution
		{A23BAC02-8204-45EA-86B6-9B34BB69B163} = {2A32C3FD-5BB3-4D0A-B672-5B4DB7F2E2E1}
		{C23FFBDA-9C15-44B3-ADE0-72A9EA84A9F8} = {0DF1FA9A-0E93-4E87-9B65-E19E1CBAA139}
		{0E05CBF3-0434-46FA-BFCF-B0B34ED8E06E} = {7E91C54B-4F04-49D7-8302-B5722ACDCEC8}
		{597048CB-4E01-4561-83D6-D3C8330A3BB5} = {8AC44E0E-FE22-4A66-AC40-CA37A9CD6287}
		{8C7C3EB1-0122-429B-B14A-CEB5958C6907} = {8AC44E0E-FE22-4A66-AC40-CA37A9CD6287}
		{91F0735A-C99B-4697-BF2F-D2600722F797} = {597048CB-4E01-4561-83D6-D3C8330A3BB5}
	EndGlobalSection
	GlobalSection(ExtensibilityGlobals) = postSolution
		SolutionGuid = {23B24784-FFEE-4932-9386-6D7BF99F8C07}
	EndGlobalSection
EndGlobal
