
Microsoft Visual Studio Solution File, Format Version 12.00
# Visual Studio Version 16
VisualStudioVersion = 16.0.29503.13
MinimumVisualStudioVersion = 10.0.40219.1
Project("{FAE04EC0-301F-11D3-BF4B-00C04F79EFBC}") = "Sistema.Web.UI.Repositorio", "Sistema.Web.UI.Repositorio\Sistema.Web.UI.Repositorio.csproj", "{71C8C961-0FB4-4A4A-8C4F-847239EFD25F}"
EndProject
Project("{FAE04EC0-301F-11D3-BF4B-00C04F79EFBC}") = "Sistema.Web.UI.Relatorio", "Sistema.Web.UI.Relatorio\Sistema.Web.UI.Relatorio.csproj", "{6609278A-6E1C-4CE3-8E8C-AB10BA2707CC}"
EndProject
Project("{FAE04EC0-301F-11D3-BF4B-00C04F79EFBC}") = "Sistema.Web.RepositorioWebAPI", "Sistema.Web.RepositorioWebAPI\Sistema.Web.RepositorioWebAPI.csproj", "{EE772625-1B67-496E-8C91-66A38DDD279B}"
EndProject
Project("{FAE04EC0-301F-11D3-BF4B-00C04F79EFBC}") = "Sistema.Api.dll", "Sistema.Api.dll\Sistema.Api.dll.csproj", "{EF326C03-0215-46D7-8C4E-5CE9E2F89430}"
EndProject
Project("{FAE04EC0-301F-11D3-BF4B-00C04F79EFBC}") = "Sistema.Web.API", "Sistema.Web.API\Sistema.Web.API.csproj", "{B1C98376-FF24-4FD7-A912-578B9662BA4D}"
EndProject
Project("{FAE04EC0-301F-11D3-BF4B-00C04F79EFBC}") = "Sistema.Web.UI.Sistema", "Sistema.Web.UI.Sistema\Sistema.Web.UI.Sistema.csproj", "{D171EEB5-66FB-4E67-A708-C20C60F209DA}"
EndProject
Project("{FAE04EC0-301F-11D3-BF4B-00C04F79EFBC}") = "Sistema.Web.UI.Datanorte", "Sistema.Web.UI.Datanorte\Sistema.Web.UI.Datanorte.csproj", "{FB55E94F-688F-47F2-ADC6-083731F8A2CA}"
EndProject
Project("{FAE04EC0-301F-11D3-BF4B-00C04F79EFBC}") = "Sistema.Web.UI.Seguranca", "Sistema.Web.UI.Seguranca\Sistema.Web.UI.Seguranca.csproj", "{BFEA6574-C490-42DA-BC4A-795A640F7027}"
EndProject
Global
	GlobalSection(SolutionConfigurationPlatforms) = preSolution
		Debug|Any CPU = Debug|Any CPU
		Debug|ARM = Debug|ARM
		Debug|Mixed Platforms = Debug|Mixed Platforms
		Debug|Windows-AnyCPU = Debug|Windows-AnyCPU
		Debug|Windows-ARM = Debug|Windows-ARM
		Debug|Windows-x64 = Debug|Windows-x64
		Debug|Windows-x86 = Debug|Windows-x86
		Debug|x64 = Debug|x64
		Debug|x86 = Debug|x86
		Release|Any CPU = Release|Any CPU
		Release|ARM = Release|ARM
		Release|Mixed Platforms = Release|Mixed Platforms
		Release|Windows-AnyCPU = Release|Windows-AnyCPU
		Release|Windows-ARM = Release|Windows-ARM
		Release|Windows-x64 = Release|Windows-x64
		Release|Windows-x86 = Release|Windows-x86
		Release|x64 = Release|x64
		Release|x86 = Release|x86
	EndGlobalSection
	GlobalSection(ProjectConfigurationPlatforms) = postSolution
		{71C8C961-0FB4-4A4A-8C4F-847239EFD25F}.Debug|Any CPU.ActiveCfg = Debug|Any CPU
		{71C8C961-0FB4-4A4A-8C4F-847239EFD25F}.Debug|Any CPU.Build.0 = Debug|Any CPU
		{71C8C961-0FB4-4A4A-8C4F-847239EFD25F}.Debug|ARM.ActiveCfg = Debug|Any CPU
		{71C8C961-0FB4-4A4A-8C4F-847239EFD25F}.Debug|ARM.Build.0 = Debug|Any CPU
		{71C8C961-0FB4-4A4A-8C4F-847239EFD25F}.Debug|Mixed Platforms.ActiveCfg = Debug|Any CPU
		{71C8C961-0FB4-4A4A-8C4F-847239EFD25F}.Debug|Mixed Platforms.Build.0 = Debug|Any CPU
		{71C8C961-0FB4-4A4A-8C4F-847239EFD25F}.Debug|Windows-AnyCPU.ActiveCfg = Debug|Any CPU
		{71C8C961-0FB4-4A4A-8C4F-847239EFD25F}.Debug|Windows-AnyCPU.Build.0 = Debug|Any CPU
		{71C8C961-0FB4-4A4A-8C4F-847239EFD25F}.Debug|Windows-ARM.ActiveCfg = Debug|Any CPU
		{71C8C961-0FB4-4A4A-8C4F-847239EFD25F}.Debug|Windows-ARM.Build.0 = Debug|Any CPU
		{71C8C961-0FB4-4A4A-8C4F-847239EFD25F}.Debug|Windows-x64.ActiveCfg = Debug|Any CPU
		{71C8C961-0FB4-4A4A-8C4F-847239EFD25F}.Debug|Windows-x64.Build.0 = Debug|Any CPU
		{71C8C961-0FB4-4A4A-8C4F-847239EFD25F}.Debug|Windows-x86.ActiveCfg = Debug|Any CPU
		{71C8C961-0FB4-4A4A-8C4F-847239EFD25F}.Debug|Windows-x86.Build.0 = Debug|Any CPU
		{71C8C961-0FB4-4A4A-8C4F-847239EFD25F}.Debug|x64.ActiveCfg = Debug|Any CPU
		{71C8C961-0FB4-4A4A-8C4F-847239EFD25F}.Debug|x64.Build.0 = Debug|Any CPU
		{71C8C961-0FB4-4A4A-8C4F-847239EFD25F}.Debug|x86.ActiveCfg = Debug|Any CPU
		{71C8C961-0FB4-4A4A-8C4F-847239EFD25F}.Debug|x86.Build.0 = Debug|Any CPU
		{71C8C961-0FB4-4A4A-8C4F-847239EFD25F}.Release|Any CPU.ActiveCfg = Release|Any CPU
		{71C8C961-0FB4-4A4A-8C4F-847239EFD25F}.Release|Any CPU.Build.0 = Release|Any CPU
		{71C8C961-0FB4-4A4A-8C4F-847239EFD25F}.Release|ARM.ActiveCfg = Release|Any CPU
		{71C8C961-0FB4-4A4A-8C4F-847239EFD25F}.Release|ARM.Build.0 = Release|Any CPU
		{71C8C961-0FB4-4A4A-8C4F-847239EFD25F}.Release|Mixed Platforms.ActiveCfg = Release|Any CPU
		{71C8C961-0FB4-4A4A-8C4F-847239EFD25F}.Release|Mixed Platforms.Build.0 = Release|Any CPU
		{71C8C961-0FB4-4A4A-8C4F-847239EFD25F}.Release|Windows-AnyCPU.ActiveCfg = Release|Any CPU
		{71C8C961-0FB4-4A4A-8C4F-847239EFD25F}.Release|Windows-AnyCPU.Build.0 = Release|Any CPU
		{71C8C961-0FB4-4A4A-8C4F-847239EFD25F}.Release|Windows-ARM.ActiveCfg = Release|Any CPU
		{71C8C961-0FB4-4A4A-8C4F-847239EFD25F}.Release|Windows-ARM.Build.0 = Release|Any CPU
		{71C8C961-0FB4-4A4A-8C4F-847239EFD25F}.Release|Windows-x64.ActiveCfg = Release|Any CPU
		{71C8C961-0FB4-4A4A-8C4F-847239EFD25F}.Release|Windows-x64.Build.0 = Release|Any CPU
		{71C8C961-0FB4-4A4A-8C4F-847239EFD25F}.Release|Windows-x86.ActiveCfg = Release|Any CPU
		{71C8C961-0FB4-4A4A-8C4F-847239EFD25F}.Release|Windows-x86.Build.0 = Release|Any CPU
		{71C8C961-0FB4-4A4A-8C4F-847239EFD25F}.Release|x64.ActiveCfg = Release|Any CPU
		{71C8C961-0FB4-4A4A-8C4F-847239EFD25F}.Release|x64.Build.0 = Release|Any CPU
		{71C8C961-0FB4-4A4A-8C4F-847239EFD25F}.Release|x86.ActiveCfg = Release|Any CPU
		{71C8C961-0FB4-4A4A-8C4F-847239EFD25F}.Release|x86.Build.0 = Release|Any CPU
		{6609278A-6E1C-4CE3-8E8C-AB10BA2707CC}.Debug|Any CPU.ActiveCfg = Debug|Any CPU
		{6609278A-6E1C-4CE3-8E8C-AB10BA2707CC}.Debug|Any CPU.Build.0 = Debug|Any CPU
		{6609278A-6E1C-4CE3-8E8C-AB10BA2707CC}.Debug|ARM.ActiveCfg = Debug|Any CPU
		{6609278A-6E1C-4CE3-8E8C-AB10BA2707CC}.Debug|ARM.Build.0 = Debug|Any CPU
		{6609278A-6E1C-4CE3-8E8C-AB10BA2707CC}.Debug|Mixed Platforms.ActiveCfg = Debug|Any CPU
		{6609278A-6E1C-4CE3-8E8C-AB10BA2707CC}.Debug|Mixed Platforms.Build.0 = Debug|Any CPU
		{6609278A-6E1C-4CE3-8E8C-AB10BA2707CC}.Debug|Windows-AnyCPU.ActiveCfg = Debug|Any CPU
		{6609278A-6E1C-4CE3-8E8C-AB10BA2707CC}.Debug|Windows-AnyCPU.Build.0 = Debug|Any CPU
		{6609278A-6E1C-4CE3-8E8C-AB10BA2707CC}.Debug|Windows-ARM.ActiveCfg = Debug|Any CPU
		{6609278A-6E1C-4CE3-8E8C-AB10BA2707CC}.Debug|Windows-ARM.Build.0 = Debug|Any CPU
		{6609278A-6E1C-4CE3-8E8C-AB10BA2707CC}.Debug|Windows-x64.ActiveCfg = Debug|Any CPU
		{6609278A-6E1C-4CE3-8E8C-AB10BA2707CC}.Debug|Windows-x64.Build.0 = Debug|Any CPU
		{6609278A-6E1C-4CE3-8E8C-AB10BA2707CC}.Debug|Windows-x86.ActiveCfg = Debug|Any CPU
		{6609278A-6E1C-4CE3-8E8C-AB10BA2707CC}.Debug|Windows-x86.Build.0 = Debug|Any CPU
		{6609278A-6E1C-4CE3-8E8C-AB10BA2707CC}.Debug|x64.ActiveCfg = Debug|Any CPU
		{6609278A-6E1C-4CE3-8E8C-AB10BA2707CC}.Debug|x64.Build.0 = Debug|Any CPU
		{6609278A-6E1C-4CE3-8E8C-AB10BA2707CC}.Debug|x86.ActiveCfg = Debug|Any CPU
		{6609278A-6E1C-4CE3-8E8C-AB10BA2707CC}.Debug|x86.Build.0 = Debug|Any CPU
		{6609278A-6E1C-4CE3-8E8C-AB10BA2707CC}.Release|Any CPU.ActiveCfg = Release|Any CPU
		{6609278A-6E1C-4CE3-8E8C-AB10BA2707CC}.Release|Any CPU.Build.0 = Release|Any CPU
		{6609278A-6E1C-4CE3-8E8C-AB10BA2707CC}.Release|ARM.ActiveCfg = Release|Any CPU
		{6609278A-6E1C-4CE3-8E8C-AB10BA2707CC}.Release|ARM.Build.0 = Release|Any CPU
		{6609278A-6E1C-4CE3-8E8C-AB10BA2707CC}.Release|Mixed Platforms.ActiveCfg = Release|Any CPU
		{6609278A-6E1C-4CE3-8E8C-AB10BA2707CC}.Release|Mixed Platforms.Build.0 = Release|Any CPU
		{6609278A-6E1C-4CE3-8E8C-AB10BA2707CC}.Release|Windows-AnyCPU.ActiveCfg = Release|Any CPU
		{6609278A-6E1C-4CE3-8E8C-AB10BA2707CC}.Release|Windows-AnyCPU.Build.0 = Release|Any CPU
		{6609278A-6E1C-4CE3-8E8C-AB10BA2707CC}.Release|Windows-ARM.ActiveCfg = Release|Any CPU
		{6609278A-6E1C-4CE3-8E8C-AB10BA2707CC}.Release|Windows-ARM.Build.0 = Release|Any CPU
		{6609278A-6E1C-4CE3-8E8C-AB10BA2707CC}.Release|Windows-x64.ActiveCfg = Release|Any CPU
		{6609278A-6E1C-4CE3-8E8C-AB10BA2707CC}.Release|Windows-x64.Build.0 = Release|Any CPU
		{6609278A-6E1C-4CE3-8E8C-AB10BA2707CC}.Release|Windows-x86.ActiveCfg = Release|Any CPU
		{6609278A-6E1C-4CE3-8E8C-AB10BA2707CC}.Release|Windows-x86.Build.0 = Release|Any CPU
		{6609278A-6E1C-4CE3-8E8C-AB10BA2707CC}.Release|x64.ActiveCfg = Release|Any CPU
		{6609278A-6E1C-4CE3-8E8C-AB10BA2707CC}.Release|x64.Build.0 = Release|Any CPU
		{6609278A-6E1C-4CE3-8E8C-AB10BA2707CC}.Release|x86.ActiveCfg = Release|Any CPU
		{6609278A-6E1C-4CE3-8E8C-AB10BA2707CC}.Release|x86.Build.0 = Release|Any CPU
		{EE772625-1B67-496E-8C91-66A38DDD279B}.Debug|Any CPU.ActiveCfg = Debug|Any CPU
		{EE772625-1B67-496E-8C91-66A38DDD279B}.Debug|Any CPU.Build.0 = Debug|Any CPU
		{EE772625-1B67-496E-8C91-66A38DDD279B}.Debug|ARM.ActiveCfg = Debug|Any CPU
		{EE772625-1B67-496E-8C91-66A38DDD279B}.Debug|ARM.Build.0 = Debug|Any CPU
		{EE772625-1B67-496E-8C91-66A38DDD279B}.Debug|Mixed Platforms.ActiveCfg = Debug|Any CPU
		{EE772625-1B67-496E-8C91-66A38DDD279B}.Debug|Mixed Platforms.Build.0 = Debug|Any CPU
		{EE772625-1B67-496E-8C91-66A38DDD279B}.Debug|Windows-AnyCPU.ActiveCfg = Debug|Any CPU
		{EE772625-1B67-496E-8C91-66A38DDD279B}.Debug|Windows-AnyCPU.Build.0 = Debug|Any CPU
		{EE772625-1B67-496E-8C91-66A38DDD279B}.Debug|Windows-ARM.ActiveCfg = Debug|Any CPU
		{EE772625-1B67-496E-8C91-66A38DDD279B}.Debug|Windows-ARM.Build.0 = Debug|Any CPU
		{EE772625-1B67-496E-8C91-66A38DDD279B}.Debug|Windows-x64.ActiveCfg = Debug|Any CPU
		{EE772625-1B67-496E-8C91-66A38DDD279B}.Debug|Windows-x64.Build.0 = Debug|Any CPU
		{EE772625-1B67-496E-8C91-66A38DDD279B}.Debug|Windows-x86.ActiveCfg = Debug|Any CPU
		{EE772625-1B67-496E-8C91-66A38DDD279B}.Debug|Windows-x86.Build.0 = Debug|Any CPU
		{EE772625-1B67-496E-8C91-66A38DDD279B}.Debug|x64.ActiveCfg = Debug|Any CPU
		{EE772625-1B67-496E-8C91-66A38DDD279B}.Debug|x64.Build.0 = Debug|Any CPU
		{EE772625-1B67-496E-8C91-66A38DDD279B}.Debug|x86.ActiveCfg = Debug|Any CPU
		{EE772625-1B67-496E-8C91-66A38DDD279B}.Debug|x86.Build.0 = Debug|Any CPU
		{EE772625-1B67-496E-8C91-66A38DDD279B}.Release|Any CPU.ActiveCfg = Release|Any CPU
		{EE772625-1B67-496E-8C91-66A38DDD279B}.Release|Any CPU.Build.0 = Release|Any CPU
		{EE772625-1B67-496E-8C91-66A38DDD279B}.Release|ARM.ActiveCfg = Release|Any CPU
		{EE772625-1B67-496E-8C91-66A38DDD279B}.Release|ARM.Build.0 = Release|Any CPU
		{EE772625-1B67-496E-8C91-66A38DDD279B}.Release|Mixed Platforms.ActiveCfg = Release|Any CPU
		{EE772625-1B67-496E-8C91-66A38DDD279B}.Release|Mixed Platforms.Build.0 = Release|Any CPU
		{EE772625-1B67-496E-8C91-66A38DDD279B}.Release|Windows-AnyCPU.ActiveCfg = Release|Any CPU
		{EE772625-1B67-496E-8C91-66A38DDD279B}.Release|Windows-AnyCPU.Build.0 = Release|Any CPU
		{EE772625-1B67-496E-8C91-66A38DDD279B}.Release|Windows-ARM.ActiveCfg = Release|Any CPU
		{EE772625-1B67-496E-8C91-66A38DDD279B}.Release|Windows-ARM.Build.0 = Release|Any CPU
		{EE772625-1B67-496E-8C91-66A38DDD279B}.Release|Windows-x64.ActiveCfg = Release|Any CPU
		{EE772625-1B67-496E-8C91-66A38DDD279B}.Release|Windows-x64.Build.0 = Release|Any CPU
		{EE772625-1B67-496E-8C91-66A38DDD279B}.Release|Windows-x86.ActiveCfg = Release|Any CPU
		{EE772625-1B67-496E-8C91-66A38DDD279B}.Release|Windows-x86.Build.0 = Release|Any CPU
		{EE772625-1B67-496E-8C91-66A38DDD279B}.Release|x64.ActiveCfg = Release|Any CPU
		{EE772625-1B67-496E-8C91-66A38DDD279B}.Release|x64.Build.0 = Release|Any CPU
		{EE772625-1B67-496E-8C91-66A38DDD279B}.Release|x86.ActiveCfg = Release|Any CPU
		{EE772625-1B67-496E-8C91-66A38DDD279B}.Release|x86.Build.0 = Release|Any CPU
		{EF326C03-0215-46D7-8C4E-5CE9E2F89430}.Debug|Any CPU.ActiveCfg = Debug|Any CPU
		{EF326C03-0215-46D7-8C4E-5CE9E2F89430}.Debug|Any CPU.Build.0 = Debug|Any CPU
		{EF326C03-0215-46D7-8C4E-5CE9E2F89430}.Debug|ARM.ActiveCfg = Debug|Any CPU
		{EF326C03-0215-46D7-8C4E-5CE9E2F89430}.Debug|ARM.Build.0 = Debug|Any CPU
		{EF326C03-0215-46D7-8C4E-5CE9E2F89430}.Debug|Mixed Platforms.ActiveCfg = Debug|Any CPU
		{EF326C03-0215-46D7-8C4E-5CE9E2F89430}.Debug|Mixed Platforms.Build.0 = Debug|Any CPU
		{EF326C03-0215-46D7-8C4E-5CE9E2F89430}.Debug|Windows-AnyCPU.ActiveCfg = Debug|Any CPU
		{EF326C03-0215-46D7-8C4E-5CE9E2F89430}.Debug|Windows-AnyCPU.Build.0 = Debug|Any CPU
		{EF326C03-0215-46D7-8C4E-5CE9E2F89430}.Debug|Windows-ARM.ActiveCfg = Debug|Any CPU
		{EF326C03-0215-46D7-8C4E-5CE9E2F89430}.Debug|Windows-ARM.Build.0 = Debug|Any CPU
		{EF326C03-0215-46D7-8C4E-5CE9E2F89430}.Debug|Windows-x64.ActiveCfg = Debug|Any CPU
		{EF326C03-0215-46D7-8C4E-5CE9E2F89430}.Debug|Windows-x64.Build.0 = Debug|Any CPU
		{EF326C03-0215-46D7-8C4E-5CE9E2F89430}.Debug|Windows-x86.ActiveCfg = Debug|Any CPU
		{EF326C03-0215-46D7-8C4E-5CE9E2F89430}.Debug|Windows-x86.Build.0 = Debug|Any CPU
		{EF326C03-0215-46D7-8C4E-5CE9E2F89430}.Debug|x64.ActiveCfg = Debug|Any CPU
		{EF326C03-0215-46D7-8C4E-5CE9E2F89430}.Debug|x64.Build.0 = Debug|Any CPU
		{EF326C03-0215-46D7-8C4E-5CE9E2F89430}.Debug|x86.ActiveCfg = Debug|Any CPU
		{EF326C03-0215-46D7-8C4E-5CE9E2F89430}.Debug|x86.Build.0 = Debug|Any CPU
		{EF326C03-0215-46D7-8C4E-5CE9E2F89430}.Release|Any CPU.ActiveCfg = Release|Any CPU
		{EF326C03-0215-46D7-8C4E-5CE9E2F89430}.Release|Any CPU.Build.0 = Release|Any CPU
		{EF326C03-0215-46D7-8C4E-5CE9E2F89430}.Release|ARM.ActiveCfg = Release|Any CPU
		{EF326C03-0215-46D7-8C4E-5CE9E2F89430}.Release|ARM.Build.0 = Release|Any CPU
		{EF326C03-0215-46D7-8C4E-5CE9E2F89430}.Release|Mixed Platforms.ActiveCfg = Release|Any CPU
		{EF326C03-0215-46D7-8C4E-5CE9E2F89430}.Release|Mixed Platforms.Build.0 = Release|Any CPU
		{EF326C03-0215-46D7-8C4E-5CE9E2F89430}.Release|Windows-AnyCPU.ActiveCfg = Release|Any CPU
		{EF326C03-0215-46D7-8C4E-5CE9E2F89430}.Release|Windows-AnyCPU.Build.0 = Release|Any CPU
		{EF326C03-0215-46D7-8C4E-5CE9E2F89430}.Release|Windows-ARM.ActiveCfg = Release|Any CPU
		{EF326C03-0215-46D7-8C4E-5CE9E2F89430}.Release|Windows-ARM.Build.0 = Release|Any CPU
		{EF326C03-0215-46D7-8C4E-5CE9E2F89430}.Release|Windows-x64.ActiveCfg = Release|Any CPU
		{EF326C03-0215-46D7-8C4E-5CE9E2F89430}.Release|Windows-x64.Build.0 = Release|Any CPU
		{EF326C03-0215-46D7-8C4E-5CE9E2F89430}.Release|Windows-x86.ActiveCfg = Release|Any CPU
		{EF326C03-0215-46D7-8C4E-5CE9E2F89430}.Release|Windows-x86.Build.0 = Release|Any CPU
		{EF326C03-0215-46D7-8C4E-5CE9E2F89430}.Release|x64.ActiveCfg = Release|Any CPU
		{EF326C03-0215-46D7-8C4E-5CE9E2F89430}.Release|x64.Build.0 = Release|Any CPU
		{EF326C03-0215-46D7-8C4E-5CE9E2F89430}.Release|x86.ActiveCfg = Release|Any CPU
		{EF326C03-0215-46D7-8C4E-5CE9E2F89430}.Release|x86.Build.0 = Release|Any CPU
		{B1C98376-FF24-4FD7-A912-578B9662BA4D}.Debug|Any CPU.ActiveCfg = Debug|Any CPU
		{B1C98376-FF24-4FD7-A912-578B9662BA4D}.Debug|Any CPU.Build.0 = Debug|Any CPU
		{B1C98376-FF24-4FD7-A912-578B9662BA4D}.Debug|ARM.ActiveCfg = Debug|Any CPU
		{B1C98376-FF24-4FD7-A912-578B9662BA4D}.Debug|ARM.Build.0 = Debug|Any CPU
		{B1C98376-FF24-4FD7-A912-578B9662BA4D}.Debug|Mixed Platforms.ActiveCfg = Debug|Any CPU
		{B1C98376-FF24-4FD7-A912-578B9662BA4D}.Debug|Mixed Platforms.Build.0 = Debug|Any CPU
		{B1C98376-FF24-4FD7-A912-578B9662BA4D}.Debug|Windows-AnyCPU.ActiveCfg = Debug|Any CPU
		{B1C98376-FF24-4FD7-A912-578B9662BA4D}.Debug|Windows-AnyCPU.Build.0 = Debug|Any CPU
		{B1C98376-FF24-4FD7-A912-578B9662BA4D}.Debug|Windows-ARM.ActiveCfg = Debug|Any CPU
		{B1C98376-FF24-4FD7-A912-578B9662BA4D}.Debug|Windows-ARM.Build.0 = Debug|Any CPU
		{B1C98376-FF24-4FD7-A912-578B9662BA4D}.Debug|Windows-x64.ActiveCfg = Debug|Any CPU
		{B1C98376-FF24-4FD7-A912-578B9662BA4D}.Debug|Windows-x64.Build.0 = Debug|Any CPU
		{B1C98376-FF24-4FD7-A912-578B9662BA4D}.Debug|Windows-x86.ActiveCfg = Debug|Any CPU
		{B1C98376-FF24-4FD7-A912-578B9662BA4D}.Debug|Windows-x86.Build.0 = Debug|Any CPU
		{B1C98376-FF24-4FD7-A912-578B9662BA4D}.Debug|x64.ActiveCfg = Debug|Any CPU
		{B1C98376-FF24-4FD7-A912-578B9662BA4D}.Debug|x64.Build.0 = Debug|Any CPU
		{B1C98376-FF24-4FD7-A912-578B9662BA4D}.Debug|x86.ActiveCfg = Debug|Any CPU
		{B1C98376-FF24-4FD7-A912-578B9662BA4D}.Debug|x86.Build.0 = Debug|Any CPU
		{B1C98376-FF24-4FD7-A912-578B9662BA4D}.Release|Any CPU.ActiveCfg = Release|Any CPU
		{B1C98376-FF24-4FD7-A912-578B9662BA4D}.Release|Any CPU.Build.0 = Release|Any CPU
		{B1C98376-FF24-4FD7-A912-578B9662BA4D}.Release|ARM.ActiveCfg = Release|Any CPU
		{B1C98376-FF24-4FD7-A912-578B9662BA4D}.Release|ARM.Build.0 = Release|Any CPU
		{B1C98376-FF24-4FD7-A912-578B9662BA4D}.Release|Mixed Platforms.ActiveCfg = Release|Any CPU
		{B1C98376-FF24-4FD7-A912-578B9662BA4D}.Release|Mixed Platforms.Build.0 = Release|Any CPU
		{B1C98376-FF24-4FD7-A912-578B9662BA4D}.Release|Windows-AnyCPU.ActiveCfg = Release|Any CPU
		{B1C98376-FF24-4FD7-A912-578B9662BA4D}.Release|Windows-AnyCPU.Build.0 = Release|Any CPU
		{B1C98376-FF24-4FD7-A912-578B9662BA4D}.Release|Windows-ARM.ActiveCfg = Release|Any CPU
		{B1C98376-FF24-4FD7-A912-578B9662BA4D}.Release|Windows-ARM.Build.0 = Release|Any CPU
		{B1C98376-FF24-4FD7-A912-578B9662BA4D}.Release|Windows-x64.ActiveCfg = Release|Any CPU
		{B1C98376-FF24-4FD7-A912-578B9662BA4D}.Release|Windows-x64.Build.0 = Release|Any CPU
		{B1C98376-FF24-4FD7-A912-578B9662BA4D}.Release|Windows-x86.ActiveCfg = Release|Any CPU
		{B1C98376-FF24-4FD7-A912-578B9662BA4D}.Release|Windows-x86.Build.0 = Release|Any CPU
		{B1C98376-FF24-4FD7-A912-578B9662BA4D}.Release|x64.ActiveCfg = Release|Any CPU
		{B1C98376-FF24-4FD7-A912-578B9662BA4D}.Release|x64.Build.0 = Release|Any CPU
		{B1C98376-FF24-4FD7-A912-578B9662BA4D}.Release|x86.ActiveCfg = Release|Any CPU
		{B1C98376-FF24-4FD7-A912-578B9662BA4D}.Release|x86.Build.0 = Release|Any CPU
		{D171EEB5-66FB-4E67-A708-C20C60F209DA}.Debug|Any CPU.ActiveCfg = Debug|Any CPU
		{D171EEB5-66FB-4E67-A708-C20C60F209DA}.Debug|Any CPU.Build.0 = Debug|Any CPU
		{D171EEB5-66FB-4E67-A708-C20C60F209DA}.Debug|ARM.ActiveCfg = Debug|Any CPU
		{D171EEB5-66FB-4E67-A708-C20C60F209DA}.Debug|ARM.Build.0 = Debug|Any CPU
		{D171EEB5-66FB-4E67-A708-C20C60F209DA}.Debug|Mixed Platforms.ActiveCfg = Debug|Any CPU
		{D171EEB5-66FB-4E67-A708-C20C60F209DA}.Debug|Mixed Platforms.Build.0 = Debug|Any CPU
		{D171EEB5-66FB-4E67-A708-C20C60F209DA}.Debug|Windows-AnyCPU.ActiveCfg = Debug|Any CPU
		{D171EEB5-66FB-4E67-A708-C20C60F209DA}.Debug|Windows-AnyCPU.Build.0 = Debug|Any CPU
		{D171EEB5-66FB-4E67-A708-C20C60F209DA}.Debug|Windows-ARM.ActiveCfg = Debug|Any CPU
		{D171EEB5-66FB-4E67-A708-C20C60F209DA}.Debug|Windows-ARM.Build.0 = Debug|Any CPU
		{D171EEB5-66FB-4E67-A708-C20C60F209DA}.Debug|Windows-x64.ActiveCfg = Debug|Any CPU
		{D171EEB5-66FB-4E67-A708-C20C60F209DA}.Debug|Windows-x64.Build.0 = Debug|Any CPU
		{D171EEB5-66FB-4E67-A708-C20C60F209DA}.Debug|Windows-x86.ActiveCfg = Debug|Any CPU
		{D171EEB5-66FB-4E67-A708-C20C60F209DA}.Debug|Windows-x86.Build.0 = Debug|Any CPU
		{D171EEB5-66FB-4E67-A708-C20C60F209DA}.Debug|x64.ActiveCfg = Debug|Any CPU
		{D171EEB5-66FB-4E67-A708-C20C60F209DA}.Debug|x64.Build.0 = Debug|Any CPU
		{D171EEB5-66FB-4E67-A708-C20C60F209DA}.Debug|x86.ActiveCfg = Debug|Any CPU
		{D171EEB5-66FB-4E67-A708-C20C60F209DA}.Debug|x86.Build.0 = Debug|Any CPU
		{D171EEB5-66FB-4E67-A708-C20C60F209DA}.Release|Any CPU.ActiveCfg = Release|Any CPU
		{D171EEB5-66FB-4E67-A708-C20C60F209DA}.Release|Any CPU.Build.0 = Release|Any CPU
		{D171EEB5-66FB-4E67-A708-C20C60F209DA}.Release|ARM.ActiveCfg = Release|Any CPU
		{D171EEB5-66FB-4E67-A708-C20C60F209DA}.Release|ARM.Build.0 = Release|Any CPU
		{D171EEB5-66FB-4E67-A708-C20C60F209DA}.Release|Mixed Platforms.ActiveCfg = Release|Any CPU
		{D171EEB5-66FB-4E67-A708-C20C60F209DA}.Release|Mixed Platforms.Build.0 = Release|Any CPU
		{D171EEB5-66FB-4E67-A708-C20C60F209DA}.Release|Windows-AnyCPU.ActiveCfg = Release|Any CPU
		{D171EEB5-66FB-4E67-A708-C20C60F209DA}.Release|Windows-AnyCPU.Build.0 = Release|Any CPU
		{D171EEB5-66FB-4E67-A708-C20C60F209DA}.Release|Windows-ARM.ActiveCfg = Release|Any CPU
		{D171EEB5-66FB-4E67-A708-C20C60F209DA}.Release|Windows-ARM.Build.0 = Release|Any CPU
		{D171EEB5-66FB-4E67-A708-C20C60F209DA}.Release|Windows-x64.ActiveCfg = Release|Any CPU
		{D171EEB5-66FB-4E67-A708-C20C60F209DA}.Release|Windows-x64.Build.0 = Release|Any CPU
		{D171EEB5-66FB-4E67-A708-C20C60F209DA}.Release|Windows-x86.ActiveCfg = Release|Any CPU
		{D171EEB5-66FB-4E67-A708-C20C60F209DA}.Release|Windows-x86.Build.0 = Release|Any CPU
		{D171EEB5-66FB-4E67-A708-C20C60F209DA}.Release|x64.ActiveCfg = Release|Any CPU
		{D171EEB5-66FB-4E67-A708-C20C60F209DA}.Release|x64.Build.0 = Release|Any CPU
		{D171EEB5-66FB-4E67-A708-C20C60F209DA}.Release|x86.ActiveCfg = Release|Any CPU
		{D171EEB5-66FB-4E67-A708-C20C60F209DA}.Release|x86.Build.0 = Release|Any CPU
		{FB55E94F-688F-47F2-ADC6-083731F8A2CA}.Debug|Any CPU.ActiveCfg = Debug|Any CPU
		{FB55E94F-688F-47F2-ADC6-083731F8A2CA}.Debug|Any CPU.Build.0 = Debug|Any CPU
		{FB55E94F-688F-47F2-ADC6-083731F8A2CA}.Debug|ARM.ActiveCfg = Debug|Any CPU
		{FB55E94F-688F-47F2-ADC6-083731F8A2CA}.Debug|ARM.Build.0 = Debug|Any CPU
		{FB55E94F-688F-47F2-ADC6-083731F8A2CA}.Debug|Mixed Platforms.ActiveCfg = Debug|Any CPU
		{FB55E94F-688F-47F2-ADC6-083731F8A2CA}.Debug|Mixed Platforms.Build.0 = Debug|Any CPU
		{FB55E94F-688F-47F2-ADC6-083731F8A2CA}.Debug|Windows-AnyCPU.ActiveCfg = Debug|Any CPU
		{FB55E94F-688F-47F2-ADC6-083731F8A2CA}.Debug|Windows-AnyCPU.Build.0 = Debug|Any CPU
		{FB55E94F-688F-47F2-ADC6-083731F8A2CA}.Debug|Windows-ARM.ActiveCfg = Debug|Any CPU
		{FB55E94F-688F-47F2-ADC6-083731F8A2CA}.Debug|Windows-ARM.Build.0 = Debug|Any CPU
		{FB55E94F-688F-47F2-ADC6-083731F8A2CA}.Debug|Windows-x64.ActiveCfg = Debug|Any CPU
		{FB55E94F-688F-47F2-ADC6-083731F8A2CA}.Debug|Windows-x64.Build.0 = Debug|Any CPU
		{FB55E94F-688F-47F2-ADC6-083731F8A2CA}.Debug|Windows-x86.ActiveCfg = Debug|Any CPU
		{FB55E94F-688F-47F2-ADC6-083731F8A2CA}.Debug|Windows-x86.Build.0 = Debug|Any CPU
		{FB55E94F-688F-47F2-ADC6-083731F8A2CA}.Debug|x64.ActiveCfg = Debug|Any CPU
		{FB55E94F-688F-47F2-ADC6-083731F8A2CA}.Debug|x64.Build.0 = Debug|Any CPU
		{FB55E94F-688F-47F2-ADC6-083731F8A2CA}.Debug|x86.ActiveCfg = Debug|Any CPU
		{FB55E94F-688F-47F2-ADC6-083731F8A2CA}.Debug|x86.Build.0 = Debug|Any CPU
		{FB55E94F-688F-47F2-ADC6-083731F8A2CA}.Release|Any CPU.ActiveCfg = Release|Any CPU
		{FB55E94F-688F-47F2-ADC6-083731F8A2CA}.Release|Any CPU.Build.0 = Release|Any CPU
		{FB55E94F-688F-47F2-ADC6-083731F8A2CA}.Release|ARM.ActiveCfg = Release|Any CPU
		{FB55E94F-688F-47F2-ADC6-083731F8A2CA}.Release|ARM.Build.0 = Release|Any CPU
		{FB55E94F-688F-47F2-ADC6-083731F8A2CA}.Release|Mixed Platforms.ActiveCfg = Release|Any CPU
		{FB55E94F-688F-47F2-ADC6-083731F8A2CA}.Release|Mixed Platforms.Build.0 = Release|Any CPU
		{FB55E94F-688F-47F2-ADC6-083731F8A2CA}.Release|Windows-AnyCPU.ActiveCfg = Release|Any CPU
		{FB55E94F-688F-47F2-ADC6-083731F8A2CA}.Release|Windows-AnyCPU.Build.0 = Release|Any CPU
		{FB55E94F-688F-47F2-ADC6-083731F8A2CA}.Release|Windows-ARM.ActiveCfg = Release|Any CPU
		{FB55E94F-688F-47F2-ADC6-083731F8A2CA}.Release|Windows-ARM.Build.0 = Release|Any CPU
		{FB55E94F-688F-47F2-ADC6-083731F8A2CA}.Release|Windows-x64.ActiveCfg = Release|Any CPU
		{FB55E94F-688F-47F2-ADC6-083731F8A2CA}.Release|Windows-x64.Build.0 = Release|Any CPU
		{FB55E94F-688F-47F2-ADC6-083731F8A2CA}.Release|Windows-x86.ActiveCfg = Release|Any CPU
		{FB55E94F-688F-47F2-ADC6-083731F8A2CA}.Release|Windows-x86.Build.0 = Release|Any CPU
		{FB55E94F-688F-47F2-ADC6-083731F8A2CA}.Release|x64.ActiveCfg = Release|Any CPU
		{FB55E94F-688F-47F2-ADC6-083731F8A2CA}.Release|x64.Build.0 = Release|Any CPU
		{FB55E94F-688F-47F2-ADC6-083731F8A2CA}.Release|x86.ActiveCfg = Release|Any CPU
		{FB55E94F-688F-47F2-ADC6-083731F8A2CA}.Release|x86.Build.0 = Release|Any CPU
		{BFEA6574-C490-42DA-BC4A-795A640F7027}.Debug|Any CPU.ActiveCfg = Debug|Any CPU
		{BFEA6574-C490-42DA-BC4A-795A640F7027}.Debug|Any CPU.Build.0 = Debug|Any CPU
		{BFEA6574-C490-42DA-BC4A-795A640F7027}.Debug|ARM.ActiveCfg = Debug|Any CPU
		{BFEA6574-C490-42DA-BC4A-795A640F7027}.Debug|ARM.Build.0 = Debug|Any CPU
		{BFEA6574-C490-42DA-BC4A-795A640F7027}.Debug|Mixed Platforms.ActiveCfg = Debug|Any CPU
		{BFEA6574-C490-42DA-BC4A-795A640F7027}.Debug|Mixed Platforms.Build.0 = Debug|Any CPU
		{BFEA6574-C490-42DA-BC4A-795A640F7027}.Debug|Windows-AnyCPU.ActiveCfg = Debug|Any CPU
		{BFEA6574-C490-42DA-BC4A-795A640F7027}.Debug|Windows-AnyCPU.Build.0 = Debug|Any CPU
		{BFEA6574-C490-42DA-BC4A-795A640F7027}.Debug|Windows-ARM.ActiveCfg = Debug|Any CPU
		{BFEA6574-C490-42DA-BC4A-795A640F7027}.Debug|Windows-ARM.Build.0 = Debug|Any CPU
		{BFEA6574-C490-42DA-BC4A-795A640F7027}.Debug|Windows-x64.ActiveCfg = Debug|Any CPU
		{BFEA6574-C490-42DA-BC4A-795A640F7027}.Debug|Windows-x64.Build.0 = Debug|Any CPU
		{BFEA6574-C490-42DA-BC4A-795A640F7027}.Debug|Windows-x86.ActiveCfg = Debug|Any CPU
		{BFEA6574-C490-42DA-BC4A-795A640F7027}.Debug|Windows-x86.Build.0 = Debug|Any CPU
		{BFEA6574-C490-42DA-BC4A-795A640F7027}.Debug|x64.ActiveCfg = Debug|Any CPU
		{BFEA6574-C490-42DA-BC4A-795A640F7027}.Debug|x64.Build.0 = Debug|Any CPU
		{BFEA6574-C490-42DA-BC4A-795A640F7027}.Debug|x86.ActiveCfg = Debug|Any CPU
		{BFEA6574-C490-42DA-BC4A-795A640F7027}.Debug|x86.Build.0 = Debug|Any CPU
		{BFEA6574-C490-42DA-BC4A-795A640F7027}.Release|Any CPU.ActiveCfg = Release|Any CPU
		{BFEA6574-C490-42DA-BC4A-795A640F7027}.Release|Any CPU.Build.0 = Release|Any CPU
		{BFEA6574-C490-42DA-BC4A-795A640F7027}.Release|ARM.ActiveCfg = Release|Any CPU
		{BFEA6574-C490-42DA-BC4A-795A640F7027}.Release|ARM.Build.0 = Release|Any CPU
		{BFEA6574-C490-42DA-BC4A-795A640F7027}.Release|Mixed Platforms.ActiveCfg = Release|Any CPU
		{BFEA6574-C490-42DA-BC4A-795A640F7027}.Release|Mixed Platforms.Build.0 = Release|Any CPU
		{BFEA6574-C490-42DA-BC4A-795A640F7027}.Release|Windows-AnyCPU.ActiveCfg = Release|Any CPU
		{BFEA6574-C490-42DA-BC4A-795A640F7027}.Release|Windows-AnyCPU.Build.0 = Release|Any CPU
		{BFEA6574-C490-42DA-BC4A-795A640F7027}.Release|Windows-ARM.ActiveCfg = Release|Any CPU
		{BFEA6574-C490-42DA-BC4A-795A640F7027}.Release|Windows-ARM.Build.0 = Release|Any CPU
		{BFEA6574-C490-42DA-BC4A-795A640F7027}.Release|Windows-x64.ActiveCfg = Release|Any CPU
		{BFEA6574-C490-42DA-BC4A-795A640F7027}.Release|Windows-x64.Build.0 = Release|Any CPU
		{BFEA6574-C490-42DA-BC4A-795A640F7027}.Release|Windows-x86.ActiveCfg = Release|Any CPU
		{BFEA6574-C490-42DA-BC4A-795A640F7027}.Release|Windows-x86.Build.0 = Release|Any CPU
		{BFEA6574-C490-42DA-BC4A-795A640F7027}.Release|x64.ActiveCfg = Release|Any CPU
		{BFEA6574-C490-42DA-BC4A-795A640F7027}.Release|x64.Build.0 = Release|Any CPU
		{BFEA6574-C490-42DA-BC4A-795A640F7027}.Release|x86.ActiveCfg = Release|Any CPU
		{BFEA6574-C490-42DA-BC4A-795A640F7027}.Release|x86.Build.0 = Release|Any CPU
	EndGlobalSection
	GlobalSection(SolutionProperties) = preSolution
		HideSolutionNode = FALSE
	EndGlobalSection
	GlobalSection(ExtensibilityGlobals) = postSolution
		SolutionGuid = {0905FA30-FBB6-4F30-BF55-A9EB33A8E1A7}
	EndGlobalSection
EndGlobal
